// !$*UTF8*$!
{
	archiveVersion = 1;
	classes = {
	};
	objectVersion = 56;
	objects = {

/* Begin PBXBuildFile section */
		0E02A03F2C5F1CB900255CA1 /* LaunchScreenView.swift in Sources */ = {isa = PBXBuildFile; fileRef = 0E02A03E2C5F1CB900255CA1 /* LaunchScreenView.swift */; };
		0E02A0412C5F1CE700255CA1 /* ContainerView.swift in Sources */ = {isa = PBXBuildFile; fileRef = 0E02A0402C5F1CE700255CA1 /* ContainerView.swift */; };
		0E0922A12C5F55310057AFB6 /* GoogleService-Info.plist in Resources */ = {isa = PBXBuildFile; fileRef = 0E0922A02C5F55310057AFB6 /* GoogleService-Info.plist */; };
		0E0922A42C5F56340057AFB6 /* FirebaseAuth in Frameworks */ = {isa = PBXBuildFile; productRef = 0E0922A32C5F56340057AFB6 /* FirebaseAuth */; };
		0E0922A62C5F56340057AFB6 /* FirebaseFirestore in Frameworks */ = {isa = PBXBuildFile; productRef = 0E0922A52C5F56340057AFB6 /* FirebaseFirestore */; };
		0E0922A82C5F56340057AFB6 /* FirebaseStorage in Frameworks */ = {isa = PBXBuildFile; productRef = 0E0922A72C5F56340057AFB6 /* FirebaseStorage */; };
		0E3EAAA92C62EF5F00E4A7F2 /* Post.swift in Sources */ = {isa = PBXBuildFile; fileRef = 0E3EAAA82C62EF5F00E4A7F2 /* Post.swift */; };
		0E3EAAAC2C62F06600E4A7F2 /* CreateViewModel.swift in Sources */ = {isa = PBXBuildFile; fileRef = 0E3EAAAB2C62F06600E4A7F2 /* CreateViewModel.swift */; };
		0E3EAAAE2C62F09700E4A7F2 /* CreateService.swift in Sources */ = {isa = PBXBuildFile; fileRef = 0E3EAAAD2C62F09700E4A7F2 /* CreateService.swift */; };
		0E456CFC2C60A274002C2B5B /* UserCardView.swift in Sources */ = {isa = PBXBuildFile; fileRef = 0E456CFB2C60A274002C2B5B /* UserCardView.swift */; };
		0E6EB5272C5F598A002A7052 /* RegistrationViewModel.swift in Sources */ = {isa = PBXBuildFile; fileRef = 0E6EB5262C5F598A002A7052 /* RegistrationViewModel.swift */; };
		0E6EB5292C5F5ACC002A7052 /* AuthService.swift in Sources */ = {isa = PBXBuildFile; fileRef = 0E6EB5282C5F5ACB002A7052 /* AuthService.swift */; };
		0E6EB52E2C5F5FF4002A7052 /* ContentViewModel.swift in Sources */ = {isa = PBXBuildFile; fileRef = 0E6EB52D2C5F5FF4002A7052 /* ContentViewModel.swift */; };
		0E6EB5302C5F64B8002A7052 /* LoginViewModel.swift in Sources */ = {isa = PBXBuildFile; fileRef = 0E6EB52F2C5F64B8002A7052 /* LoginViewModel.swift */; };
		0E6F30B52C5EF13200808579 /* CircularProfileImageView.swift in Sources */ = {isa = PBXBuildFile; fileRef = 0E6F30B42C5EF13200808579 /* CircularProfileImageView.swift */; };
		0E6F30B72C5EF1B800808579 /* UserCell.swift in Sources */ = {isa = PBXBuildFile; fileRef = 0E6F30B62C5EF1B800808579 /* UserCell.swift */; };
		0E6F30BA2C5EF90500808579 /* ProfilePostsFilter.swift in Sources */ = {isa = PBXBuildFile; fileRef = 0E6F30B92C5EF90400808579 /* ProfilePostsFilter.swift */; };
		0E6F30BE2C5EFFFB00808579 /* EditProfileView.swift in Sources */ = {isa = PBXBuildFile; fileRef = 0E6F30BD2C5EFFFB00808579 /* EditProfileView.swift */; };
		0E9FEEFA2C616FDE0092C6F7 /* OnboardingView.swift in Sources */ = {isa = PBXBuildFile; fileRef = 0E9FEEF92C616FDE0092C6F7 /* OnboardingView.swift */; };
		0E9FEEFD2C61811D0092C6F7 /* OnboardingViewModel.swift in Sources */ = {isa = PBXBuildFile; fileRef = 0E9FEEFC2C61811D0092C6F7 /* OnboardingViewModel.swift */; };
		0E9FEF002C61814F0092C6F7 /* OnboardingModel.swift in Sources */ = {isa = PBXBuildFile; fileRef = 0E9FEEFF2C61814F0092C6F7 /* OnboardingModel.swift */; };
		0EA282C32C5ECAE50074244C /* EchoApp.swift in Sources */ = {isa = PBXBuildFile; fileRef = 0EA282C22C5ECAE50074244C /* EchoApp.swift */; };
		0EA282C52C5ECAE50074244C /* ContentView.swift in Sources */ = {isa = PBXBuildFile; fileRef = 0EA282C42C5ECAE50074244C /* ContentView.swift */; };
		0EA282C72C5ECAE60074244C /* Assets.xcassets in Resources */ = {isa = PBXBuildFile; fileRef = 0EA282C62C5ECAE60074244C /* Assets.xcassets */; };
		0EA282CA2C5ECAE60074244C /* Preview Assets.xcassets in Resources */ = {isa = PBXBuildFile; fileRef = 0EA282C92C5ECAE60074244C /* Preview Assets.xcassets */; };
		0EA282DC2C5ECB890074244C /* LoginView.swift in Sources */ = {isa = PBXBuildFile; fileRef = 0EA282DB2C5ECB890074244C /* LoginView.swift */; };
		0EA282DE2C5ED4D40074244C /* RegistrationView.swift in Sources */ = {isa = PBXBuildFile; fileRef = 0EA282DD2C5ED4D40074244C /* RegistrationView.swift */; };
		0EA282E12C5ED6A40074244C /* EchoTextFieldModifier.swift in Sources */ = {isa = PBXBuildFile; fileRef = 0EA282E02C5ED6A40074244C /* EchoTextFieldModifier.swift */; };
		0EA282E32C5ED7FF0074244C /* EchoButtonBlackModifier.swift in Sources */ = {isa = PBXBuildFile; fileRef = 0EA282E22C5ED7FF0074244C /* EchoButtonBlackModifier.swift */; };
		0EA282E92C5EDDF90074244C /* EchoTabView.swift in Sources */ = {isa = PBXBuildFile; fileRef = 0EA282E82C5EDDF90074244C /* EchoTabView.swift */; };
		0EA282ED2C5EE2C70074244C /* HomeView.swift in Sources */ = {isa = PBXBuildFile; fileRef = 0EA282EC2C5EE2C70074244C /* HomeView.swift */; };
		0EA282F12C5EE3120074244C /* ExploreView.swift in Sources */ = {isa = PBXBuildFile; fileRef = 0EA282F02C5EE3120074244C /* ExploreView.swift */; };
		0EA282F52C5EE3460074244C /* CreateView.swift in Sources */ = {isa = PBXBuildFile; fileRef = 0EA282F42C5EE3460074244C /* CreateView.swift */; };
		0EA282F92C5EE3670074244C /* ActivityView.swift in Sources */ = {isa = PBXBuildFile; fileRef = 0EA282F82C5EE3670074244C /* ActivityView.swift */; };
		0EA282FF2C5EE5050074244C /* PostCell.swift in Sources */ = {isa = PBXBuildFile; fileRef = 0EA282FE2C5EE5050074244C /* PostCell.swift */; };
		0EA30A152C62B08E0049AF5B /* Kingfisher in Frameworks */ = {isa = PBXBuildFile; productRef = 0EA30A142C62B08E0049AF5B /* Kingfisher */; };
		0EB9DCD82C5FFE3700516DC9 /* User.swift in Sources */ = {isa = PBXBuildFile; fileRef = 0EB9DCD72C5FFE3700516DC9 /* User.swift */; };
		0EB9DCDA2C60037B00516DC9 /* UserService.swift in Sources */ = {isa = PBXBuildFile; fileRef = 0EB9DCD92C60037B00516DC9 /* UserService.swift */; };
		0EB9DCE02C60104500516DC9 /* ExploreViewModel.swift in Sources */ = {isa = PBXBuildFile; fileRef = 0EB9DCDF2C60104500516DC9 /* ExploreViewModel.swift */; };
		0EB9DCE22C6011E700516DC9 /* PreviewProvider.swift in Sources */ = {isa = PBXBuildFile; fileRef = 0EB9DCE12C6011E700516DC9 /* PreviewProvider.swift */; };
		0EB9DCE62C60195C00516DC9 /* CurrentUserProfileView.swift in Sources */ = {isa = PBXBuildFile; fileRef = 0EB9DCE52C60195C00516DC9 /* CurrentUserProfileView.swift */; };
		0EB9DCE92C601B8300516DC9 /* ProfileView.swift in Sources */ = {isa = PBXBuildFile; fileRef = 0EB9DCE82C601B8300516DC9 /* ProfileView.swift */; };
		0EB9DCED2C601F0E00516DC9 /* ProfileHeaderView.swift in Sources */ = {isa = PBXBuildFile; fileRef = 0EB9DCEC2C601F0E00516DC9 /* ProfileHeaderView.swift */; };
		0EB9DCEF2C6020D500516DC9 /* UserContentListView.swift in Sources */ = {isa = PBXBuildFile; fileRef = 0EB9DCEE2C6020D500516DC9 /* UserContentListView.swift */; };
		0EB9DCF32C6022BF00516DC9 /* CurrentUserProfileViewModel.swift in Sources */ = {isa = PBXBuildFile; fileRef = 0EB9DCF12C6022BF00516DC9 /* CurrentUserProfileViewModel.swift */; };
		0ED5D4BC2C60432200B44FA4 /* PendingView.swift in Sources */ = {isa = PBXBuildFile; fileRef = 0ED5D4BB2C60432200B44FA4 /* PendingView.swift */; };
		0EE1E6D92C608709006E0D6A /* EditProfileViewModel.swift in Sources */ = {isa = PBXBuildFile; fileRef = 0EE1E6D82C608709006E0D6A /* EditProfileViewModel.swift */; };
		0EE1E6DB2C608CBE006E0D6A /* ImageUploader.swift in Sources */ = {isa = PBXBuildFile; fileRef = 0EE1E6DA2C608CBE006E0D6A /* ImageUploader.swift */; };
		0EEC54192C61DE50008CF9E8 /* UserCardViewModel.swift in Sources */ = {isa = PBXBuildFile; fileRef = 0EEC54182C61DE50008CF9E8 /* UserCardViewModel.swift */; };
		0EEC541C2C61DE79008CF9E8 /* UserCardModel.swift in Sources */ = {isa = PBXBuildFile; fileRef = 0EEC541B2C61DE79008CF9E8 /* UserCardModel.swift */; };
		0EEC541E2C61E023008CF9E8 /* UserCardRotationEffectModifier.swift in Sources */ = {isa = PBXBuildFile; fileRef = 0EEC541D2C61E023008CF9E8 /* UserCardRotationEffectModifier.swift */; };
		0EEC54202C61E084008CF9E8 /* ColorPalleteView.swift in Sources */ = {isa = PBXBuildFile; fileRef = 0EEC541F2C61E084008CF9E8 /* ColorPalleteView.swift */; };
/* End PBXBuildFile section */

/* Begin PBXFileReference section */
		0E02A03E2C5F1CB900255CA1 /* LaunchScreenView.swift */ = {isa = PBXFileReference; lastKnownFileType = sourcecode.swift; path = LaunchScreenView.swift; sourceTree = "<group>"; };
		0E02A0402C5F1CE700255CA1 /* ContainerView.swift */ = {isa = PBXFileReference; lastKnownFileType = sourcecode.swift; path = ContainerView.swift; sourceTree = "<group>"; };
		0E0922A02C5F55310057AFB6 /* GoogleService-Info.plist */ = {isa = PBXFileReference; fileEncoding = 4; lastKnownFileType = text.plist.xml; path = "GoogleService-Info.plist"; sourceTree = "<group>"; };
		0E3EAAA82C62EF5F00E4A7F2 /* Post.swift */ = {isa = PBXFileReference; lastKnownFileType = sourcecode.swift; path = Post.swift; sourceTree = "<group>"; };
		0E3EAAAB2C62F06600E4A7F2 /* CreateViewModel.swift */ = {isa = PBXFileReference; lastKnownFileType = sourcecode.swift; path = CreateViewModel.swift; sourceTree = "<group>"; };
		0E3EAAAD2C62F09700E4A7F2 /* CreateService.swift */ = {isa = PBXFileReference; lastKnownFileType = sourcecode.swift; path = CreateService.swift; sourceTree = "<group>"; };
		0E456CFB2C60A274002C2B5B /* UserCardView.swift */ = {isa = PBXFileReference; lastKnownFileType = sourcecode.swift; path = UserCardView.swift; sourceTree = "<group>"; };
		0E6EB5262C5F598A002A7052 /* RegistrationViewModel.swift */ = {isa = PBXFileReference; lastKnownFileType = sourcecode.swift; path = RegistrationViewModel.swift; sourceTree = "<group>"; };
		0E6EB5282C5F5ACB002A7052 /* AuthService.swift */ = {isa = PBXFileReference; lastKnownFileType = sourcecode.swift; path = AuthService.swift; sourceTree = "<group>"; };
		0E6EB52D2C5F5FF4002A7052 /* ContentViewModel.swift */ = {isa = PBXFileReference; lastKnownFileType = sourcecode.swift; path = ContentViewModel.swift; sourceTree = "<group>"; };
		0E6EB52F2C5F64B8002A7052 /* LoginViewModel.swift */ = {isa = PBXFileReference; lastKnownFileType = sourcecode.swift; path = LoginViewModel.swift; sourceTree = "<group>"; };
		0E6F30B42C5EF13200808579 /* CircularProfileImageView.swift */ = {isa = PBXFileReference; lastKnownFileType = sourcecode.swift; path = CircularProfileImageView.swift; sourceTree = "<group>"; };
		0E6F30B62C5EF1B800808579 /* UserCell.swift */ = {isa = PBXFileReference; lastKnownFileType = sourcecode.swift; path = UserCell.swift; sourceTree = "<group>"; };
		0E6F30B92C5EF90400808579 /* ProfilePostsFilter.swift */ = {isa = PBXFileReference; lastKnownFileType = sourcecode.swift; path = ProfilePostsFilter.swift; sourceTree = "<group>"; };
		0E6F30BD2C5EFFFB00808579 /* EditProfileView.swift */ = {isa = PBXFileReference; lastKnownFileType = sourcecode.swift; path = EditProfileView.swift; sourceTree = "<group>"; };
		0E9FEEF92C616FDE0092C6F7 /* OnboardingView.swift */ = {isa = PBXFileReference; lastKnownFileType = sourcecode.swift; path = OnboardingView.swift; sourceTree = "<group>"; };
		0E9FEEFC2C61811D0092C6F7 /* OnboardingViewModel.swift */ = {isa = PBXFileReference; lastKnownFileType = sourcecode.swift; path = OnboardingViewModel.swift; sourceTree = "<group>"; };
		0E9FEEFF2C61814F0092C6F7 /* OnboardingModel.swift */ = {isa = PBXFileReference; lastKnownFileType = sourcecode.swift; path = OnboardingModel.swift; sourceTree = "<group>"; };
		0EA282BF2C5ECAE50074244C /* Echo.app */ = {isa = PBXFileReference; explicitFileType = wrapper.application; includeInIndex = 0; path = Echo.app; sourceTree = BUILT_PRODUCTS_DIR; };
		0EA282C22C5ECAE50074244C /* EchoApp.swift */ = {isa = PBXFileReference; lastKnownFileType = sourcecode.swift; path = EchoApp.swift; sourceTree = "<group>"; };
		0EA282C42C5ECAE50074244C /* ContentView.swift */ = {isa = PBXFileReference; lastKnownFileType = sourcecode.swift; path = ContentView.swift; sourceTree = "<group>"; };
		0EA282C62C5ECAE60074244C /* Assets.xcassets */ = {isa = PBXFileReference; lastKnownFileType = folder.assetcatalog; path = Assets.xcassets; sourceTree = "<group>"; };
		0EA282C92C5ECAE60074244C /* Preview Assets.xcassets */ = {isa = PBXFileReference; lastKnownFileType = folder.assetcatalog; path = "Preview Assets.xcassets"; sourceTree = "<group>"; };
		0EA282DB2C5ECB890074244C /* LoginView.swift */ = {isa = PBXFileReference; lastKnownFileType = sourcecode.swift; path = LoginView.swift; sourceTree = "<group>"; };
		0EA282DD2C5ED4D40074244C /* RegistrationView.swift */ = {isa = PBXFileReference; lastKnownFileType = sourcecode.swift; path = RegistrationView.swift; sourceTree = "<group>"; };
		0EA282E02C5ED6A40074244C /* EchoTextFieldModifier.swift */ = {isa = PBXFileReference; lastKnownFileType = sourcecode.swift; path = EchoTextFieldModifier.swift; sourceTree = "<group>"; };
		0EA282E22C5ED7FF0074244C /* EchoButtonBlackModifier.swift */ = {isa = PBXFileReference; lastKnownFileType = sourcecode.swift; path = EchoButtonBlackModifier.swift; sourceTree = "<group>"; };
		0EA282E82C5EDDF90074244C /* EchoTabView.swift */ = {isa = PBXFileReference; lastKnownFileType = sourcecode.swift; path = EchoTabView.swift; sourceTree = "<group>"; };
		0EA282EC2C5EE2C70074244C /* HomeView.swift */ = {isa = PBXFileReference; lastKnownFileType = sourcecode.swift; path = HomeView.swift; sourceTree = "<group>"; };
		0EA282F02C5EE3120074244C /* ExploreView.swift */ = {isa = PBXFileReference; lastKnownFileType = sourcecode.swift; path = ExploreView.swift; sourceTree = "<group>"; };
		0EA282F42C5EE3460074244C /* CreateView.swift */ = {isa = PBXFileReference; lastKnownFileType = sourcecode.swift; path = CreateView.swift; sourceTree = "<group>"; };
		0EA282F82C5EE3670074244C /* ActivityView.swift */ = {isa = PBXFileReference; lastKnownFileType = sourcecode.swift; path = ActivityView.swift; sourceTree = "<group>"; };
		0EA282FE2C5EE5050074244C /* PostCell.swift */ = {isa = PBXFileReference; lastKnownFileType = sourcecode.swift; path = PostCell.swift; sourceTree = "<group>"; };
		0EB9DCD72C5FFE3700516DC9 /* User.swift */ = {isa = PBXFileReference; lastKnownFileType = sourcecode.swift; path = User.swift; sourceTree = "<group>"; };
		0EB9DCD92C60037B00516DC9 /* UserService.swift */ = {isa = PBXFileReference; lastKnownFileType = sourcecode.swift; path = UserService.swift; sourceTree = "<group>"; };
		0EB9DCDF2C60104500516DC9 /* ExploreViewModel.swift */ = {isa = PBXFileReference; lastKnownFileType = sourcecode.swift; path = ExploreViewModel.swift; sourceTree = "<group>"; };
		0EB9DCE12C6011E700516DC9 /* PreviewProvider.swift */ = {isa = PBXFileReference; lastKnownFileType = sourcecode.swift; path = PreviewProvider.swift; sourceTree = "<group>"; };
		0EB9DCE52C60195C00516DC9 /* CurrentUserProfileView.swift */ = {isa = PBXFileReference; lastKnownFileType = sourcecode.swift; path = CurrentUserProfileView.swift; sourceTree = "<group>"; };
		0EB9DCE82C601B8300516DC9 /* ProfileView.swift */ = {isa = PBXFileReference; lastKnownFileType = sourcecode.swift; path = ProfileView.swift; sourceTree = "<group>"; };
		0EB9DCEC2C601F0E00516DC9 /* ProfileHeaderView.swift */ = {isa = PBXFileReference; lastKnownFileType = sourcecode.swift; path = ProfileHeaderView.swift; sourceTree = "<group>"; };
		0EB9DCEE2C6020D500516DC9 /* UserContentListView.swift */ = {isa = PBXFileReference; lastKnownFileType = sourcecode.swift; path = UserContentListView.swift; sourceTree = "<group>"; };
		0EB9DCF12C6022BF00516DC9 /* CurrentUserProfileViewModel.swift */ = {isa = PBXFileReference; fileEncoding = 4; lastKnownFileType = sourcecode.swift; path = CurrentUserProfileViewModel.swift; sourceTree = "<group>"; };
		0ED5D4BB2C60432200B44FA4 /* PendingView.swift */ = {isa = PBXFileReference; lastKnownFileType = sourcecode.swift; path = PendingView.swift; sourceTree = "<group>"; };
		0EE1E6D82C608709006E0D6A /* EditProfileViewModel.swift */ = {isa = PBXFileReference; lastKnownFileType = sourcecode.swift; path = EditProfileViewModel.swift; sourceTree = "<group>"; };
		0EE1E6DA2C608CBE006E0D6A /* ImageUploader.swift */ = {isa = PBXFileReference; lastKnownFileType = sourcecode.swift; path = ImageUploader.swift; sourceTree = "<group>"; };
		0EEC54182C61DE50008CF9E8 /* UserCardViewModel.swift */ = {isa = PBXFileReference; lastKnownFileType = sourcecode.swift; path = UserCardViewModel.swift; sourceTree = "<group>"; };
		0EEC541B2C61DE79008CF9E8 /* UserCardModel.swift */ = {isa = PBXFileReference; lastKnownFileType = sourcecode.swift; path = UserCardModel.swift; sourceTree = "<group>"; };
		0EEC541D2C61E023008CF9E8 /* UserCardRotationEffectModifier.swift */ = {isa = PBXFileReference; lastKnownFileType = sourcecode.swift; path = UserCardRotationEffectModifier.swift; sourceTree = "<group>"; };
		0EEC541F2C61E084008CF9E8 /* ColorPalleteView.swift */ = {isa = PBXFileReference; lastKnownFileType = sourcecode.swift; path = ColorPalleteView.swift; sourceTree = "<group>"; };
/* End PBXFileReference section */

/* Begin PBXFrameworksBuildPhase section */
		0EA282BC2C5ECAE50074244C /* Frameworks */ = {
			isa = PBXFrameworksBuildPhase;
			buildActionMask = 2147483647;
			files = (
				0EA30A152C62B08E0049AF5B /* Kingfisher in Frameworks */,
				0E0922A42C5F56340057AFB6 /* FirebaseAuth in Frameworks */,
				0E0922A62C5F56340057AFB6 /* FirebaseFirestore in Frameworks */,
				0E0922A82C5F56340057AFB6 /* FirebaseStorage in Frameworks */,
			);
			runOnlyForDeploymentPostprocessing = 0;
		};
/* End PBXFrameworksBuildPhase section */

/* Begin PBXGroup section */
		0E02A03C2C5F1C9F00255CA1 /* LaunchScreen */ = {
			isa = PBXGroup;
			children = (
				0E02A03D2C5F1CAE00255CA1 /* View */,
			);
			path = LaunchScreen;
			sourceTree = "<group>";
		};
		0E02A03D2C5F1CAE00255CA1 /* View */ = {
			isa = PBXGroup;
			children = (
				0E02A03E2C5F1CB900255CA1 /* LaunchScreenView.swift */,
			);
			path = View;
			sourceTree = "<group>";
		};
		0E3EAAAA2C62F03E00E4A7F2 /* ViewModel */ = {
			isa = PBXGroup;
			children = (
				0E3EAAAB2C62F06600E4A7F2 /* CreateViewModel.swift */,
			);
			path = ViewModel;
			sourceTree = "<group>";
		};
		0E456CFA2C60A232002C2B5B /* UserCard */ = {
			isa = PBXGroup;
			children = (
				0EEC541A2C61DE6F008CF9E8 /* Model */,
				0EEC54172C61DE3F008CF9E8 /* ViewModel */,
				0E456CFD2C60C10B002C2B5B /* View */,
			);
			path = UserCard;
			sourceTree = "<group>";
		};
		0E456CFD2C60C10B002C2B5B /* View */ = {
			isa = PBXGroup;
			children = (
				0E456CFB2C60A274002C2B5B /* UserCardView.swift */,
				0EEC541F2C61E084008CF9E8 /* ColorPalleteView.swift */,
			);
			path = View;
			sourceTree = "<group>";
		};
		0E6EB5242C5F5973002A7052 /* ViewModel */ = {
			isa = PBXGroup;
			children = (
				0E6EB52F2C5F64B8002A7052 /* LoginViewModel.swift */,
				0E6EB5262C5F598A002A7052 /* RegistrationViewModel.swift */,
			);
			path = ViewModel;
			sourceTree = "<group>";
		};
		0E6EB5252C5F597C002A7052 /* Service */ = {
			isa = PBXGroup;
			children = (
				0E6EB5282C5F5ACB002A7052 /* AuthService.swift */,
			);
			path = Service;
			sourceTree = "<group>";
		};
		0E6EB52A2C5F5FC2002A7052 /* View */ = {
			isa = PBXGroup;
			children = (
				0E02A0402C5F1CE700255CA1 /* ContainerView.swift */,
				0EA282C42C5ECAE50074244C /* ContentView.swift */,
			);
			path = View;
			sourceTree = "<group>";
		};
		0E6EB52B2C5F5FC7002A7052 /* ViewModel */ = {
			isa = PBXGroup;
			children = (
				0E6EB52D2C5F5FF4002A7052 /* ContentViewModel.swift */,
			);
			path = ViewModel;
			sourceTree = "<group>";
		};
		0E6F30B32C5EF0FC00808579 /* Components */ = {
			isa = PBXGroup;
			children = (
				0E6F30B42C5EF13200808579 /* CircularProfileImageView.swift */,
				0E6F30B62C5EF1B800808579 /* UserCell.swift */,
				0ED5D4BB2C60432200B44FA4 /* PendingView.swift */,
			);
			path = Components;
			sourceTree = "<group>";
		};
		0E6F30B82C5EF8F800808579 /* Model */ = {
			isa = PBXGroup;
			children = (
				0E6F30B92C5EF90400808579 /* ProfilePostsFilter.swift */,
			);
			path = Model;
			sourceTree = "<group>";
		};
		0E6F30BB2C5EFFE900808579 /* EditProfile */ = {
			isa = PBXGroup;
			children = (
				0EE1E6D72C6086FA006E0D6A /* ViewModel */,
				0E6F30BC2C5EFFEE00808579 /* View */,
			);
			path = EditProfile;
			sourceTree = "<group>";
		};
		0E6F30BC2C5EFFEE00808579 /* View */ = {
			isa = PBXGroup;
			children = (
				0E6F30BD2C5EFFFB00808579 /* EditProfileView.swift */,
			);
			path = View;
			sourceTree = "<group>";
		};
		0E9FEEF72C616CE70092C6F7 /* Onboarding */ = {
			isa = PBXGroup;
			children = (
				0E9FEEFE2C6181410092C6F7 /* Model */,
				0E9FEEFB2C6180FA0092C6F7 /* ViewModel */,
				0E9FEEF82C616D2B0092C6F7 /* View */,
			);
			path = Onboarding;
			sourceTree = "<group>";
		};
		0E9FEEF82C616D2B0092C6F7 /* View */ = {
			isa = PBXGroup;
			children = (
				0E9FEEF92C616FDE0092C6F7 /* OnboardingView.swift */,
			);
			path = View;
			sourceTree = "<group>";
		};
		0E9FEEFB2C6180FA0092C6F7 /* ViewModel */ = {
			isa = PBXGroup;
			children = (
				0E9FEEFC2C61811D0092C6F7 /* OnboardingViewModel.swift */,
			);
			path = ViewModel;
			sourceTree = "<group>";
		};
		0E9FEEFE2C6181410092C6F7 /* Model */ = {
			isa = PBXGroup;
			children = (
				0E9FEEFF2C61814F0092C6F7 /* OnboardingModel.swift */,
			);
			path = Model;
			sourceTree = "<group>";
		};
		0EA282B62C5ECAE50074244C = {
			isa = PBXGroup;
			children = (
				0EA282C12C5ECAE50074244C /* Echo */,
				0EA282C02C5ECAE50074244C /* Products */,
			);
			sourceTree = "<group>";
		};
		0EA282C02C5ECAE50074244C /* Products */ = {
			isa = PBXGroup;
			children = (
				0EA282BF2C5ECAE50074244C /* Echo.app */,
			);
			name = Products;
			sourceTree = "<group>";
		};
		0EA282C12C5ECAE50074244C /* Echo */ = {
			isa = PBXGroup;
			children = (
				0EA282D02C5ECB020074244C /* App */,
				0EA282D72C5ECB1A0074244C /* Core */,
				0EA282D62C5ECB0F0074244C /* Extensions */,
				0EA282D52C5ECB0E0074244C /* Model */,
				0EA282D42C5ECB0D0074244C /* Services */,
				0EA282D32C5ECB0B0074244C /* Utils */,
				0E0922A02C5F55310057AFB6 /* GoogleService-Info.plist */,
				0EA282C62C5ECAE60074244C /* Assets.xcassets */,
				0EA282C82C5ECAE60074244C /* Preview Content */,
			);
			path = Echo;
			sourceTree = "<group>";
		};
		0EA282C82C5ECAE60074244C /* Preview Content */ = {
			isa = PBXGroup;
			children = (
				0EA282C92C5ECAE60074244C /* Preview Assets.xcassets */,
			);
			path = "Preview Content";
			sourceTree = "<group>";
		};
		0EA282D02C5ECB020074244C /* App */ = {
			isa = PBXGroup;
			children = (
				0EA282C22C5ECAE50074244C /* EchoApp.swift */,
			);
			path = App;
			sourceTree = "<group>";
		};
		0EA282D32C5ECB0B0074244C /* Utils */ = {
			isa = PBXGroup;
			children = (
				0EA282DF2C5ED6880074244C /* ViewModifiers */,
			);
			path = Utils;
			sourceTree = "<group>";
		};
		0EA282D42C5ECB0D0074244C /* Services */ = {
			isa = PBXGroup;
			children = (
				0EE1E6DA2C608CBE006E0D6A /* ImageUploader.swift */,
				0EB9DCD92C60037B00516DC9 /* UserService.swift */,
				0E3EAAAD2C62F09700E4A7F2 /* CreateService.swift */,
			);
			path = Services;
			sourceTree = "<group>";
		};
		0EA282D52C5ECB0E0074244C /* Model */ = {
			isa = PBXGroup;
			children = (
				0EB9DCD72C5FFE3700516DC9 /* User.swift */,
				0E3EAAA82C62EF5F00E4A7F2 /* Post.swift */,
			);
			path = Model;
			sourceTree = "<group>";
		};
		0EA282D62C5ECB0F0074244C /* Extensions */ = {
			isa = PBXGroup;
			children = (
				0EB9DCE12C6011E700516DC9 /* PreviewProvider.swift */,
			);
			path = Extensions;
			sourceTree = "<group>";
		};
		0EA282D72C5ECB1A0074244C /* Core */ = {
			isa = PBXGroup;
			children = (
				0EA282F62C5EE35B0074244C /* Activity */,
				0EA282D82C5ECB570074244C /* Authentication */,
				0E6F30B32C5EF0FC00808579 /* Components */,
				0EA282F22C5EE3350074244C /* Create */,
				0EA282EE2C5EE3060074244C /* Explore */,
				0EA282EA2C5EE2AC0074244C /* Home */,
				0E02A03C2C5F1C9F00255CA1 /* LaunchScreen */,
				0E9FEEF72C616CE70092C6F7 /* Onboarding */,
				0EA282FA2C5EE37A0074244C /* Profile */,
				0EA282D92C5ECB5E0074244C /* Root */,
				0EA282E72C5EDDC00074244C /* TabBar */,
			);
			path = Core;
			sourceTree = "<group>";
		};
		0EA282D82C5ECB570074244C /* Authentication */ = {
			isa = PBXGroup;
			children = (
				0E6EB5252C5F597C002A7052 /* Service */,
				0E6EB5242C5F5973002A7052 /* ViewModel */,
				0EA282DA2C5ECB800074244C /* Views */,
			);
			path = Authentication;
			sourceTree = "<group>";
		};
		0EA282D92C5ECB5E0074244C /* Root */ = {
			isa = PBXGroup;
			children = (
				0E6EB52B2C5F5FC7002A7052 /* ViewModel */,
				0E6EB52A2C5F5FC2002A7052 /* View */,
			);
			path = Root;
			sourceTree = "<group>";
		};
		0EA282DA2C5ECB800074244C /* Views */ = {
			isa = PBXGroup;
			children = (
				0EA282DB2C5ECB890074244C /* LoginView.swift */,
				0EA282DD2C5ED4D40074244C /* RegistrationView.swift */,
			);
			path = Views;
			sourceTree = "<group>";
		};
		0EA282DF2C5ED6880074244C /* ViewModifiers */ = {
			isa = PBXGroup;
			children = (
				0EA282E22C5ED7FF0074244C /* EchoButtonBlackModifier.swift */,
				0EA282E02C5ED6A40074244C /* EchoTextFieldModifier.swift */,
				0EEC541D2C61E023008CF9E8 /* UserCardRotationEffectModifier.swift */,
			);
			path = ViewModifiers;
			sourceTree = "<group>";
		};
		0EA282E72C5EDDC00074244C /* TabBar */ = {
			isa = PBXGroup;
			children = (
				0EA282E82C5EDDF90074244C /* EchoTabView.swift */,
			);
			path = TabBar;
			sourceTree = "<group>";
		};
		0EA282EA2C5EE2AC0074244C /* Home */ = {
			isa = PBXGroup;
			children = (
				0EA282EB2C5EE2B30074244C /* View */,
			);
			path = Home;
			sourceTree = "<group>";
		};
		0EA282EB2C5EE2B30074244C /* View */ = {
			isa = PBXGroup;
			children = (
				0EA282EC2C5EE2C70074244C /* HomeView.swift */,
				0EA282FE2C5EE5050074244C /* PostCell.swift */,
			);
			path = View;
			sourceTree = "<group>";
		};
		0EA282EE2C5EE3060074244C /* Explore */ = {
			isa = PBXGroup;
			children = (
				0EB9DCDE2C60102600516DC9 /* ViewModel */,
				0EA282EF2C5EE30B0074244C /* View */,
			);
			path = Explore;
			sourceTree = "<group>";
		};
		0EA282EF2C5EE30B0074244C /* View */ = {
			isa = PBXGroup;
			children = (
				0EA282F02C5EE3120074244C /* ExploreView.swift */,
			);
			path = View;
			sourceTree = "<group>";
		};
		0EA282F22C5EE3350074244C /* Create */ = {
			isa = PBXGroup;
			children = (
				0EA282F32C5EE33D0074244C /* View */,
				0E3EAAAA2C62F03E00E4A7F2 /* ViewModel */,
			);
			path = Create;
			sourceTree = "<group>";
		};
		0EA282F32C5EE33D0074244C /* View */ = {
			isa = PBXGroup;
			children = (
				0EA282F42C5EE3460074244C /* CreateView.swift */,
			);
			path = View;
			sourceTree = "<group>";
		};
		0EA282F62C5EE35B0074244C /* Activity */ = {
			isa = PBXGroup;
			children = (
				0EA282F72C5EE3600074244C /* View */,
			);
			path = Activity;
			sourceTree = "<group>";
		};
		0EA282F72C5EE3600074244C /* View */ = {
			isa = PBXGroup;
			children = (
				0EA282F82C5EE3670074244C /* ActivityView.swift */,
			);
			path = View;
			sourceTree = "<group>";
		};
		0EA282FA2C5EE37A0074244C /* Profile */ = {
			isa = PBXGroup;
			children = (
				0EB9DCEA2C601E8900516DC9 /* Components */,
				0EB9DCE32C60194000516DC9 /* CurrentUserProfile */,
				0E6F30BB2C5EFFE900808579 /* EditProfile */,
				0E6F30B82C5EF8F800808579 /* Model */,
				0E456CFA2C60A232002C2B5B /* UserCard */,
				0EA282FB2C5EE37F0074244C /* View */,
			);
			path = Profile;
			sourceTree = "<group>";
		};
		0EA282FB2C5EE37F0074244C /* View */ = {
			isa = PBXGroup;
			children = (
				0EB9DCE82C601B8300516DC9 /* ProfileView.swift */,
			);
			path = View;
			sourceTree = "<group>";
		};
		0EB9DCDE2C60102600516DC9 /* ViewModel */ = {
			isa = PBXGroup;
			children = (
				0EB9DCDF2C60104500516DC9 /* ExploreViewModel.swift */,
			);
			path = ViewModel;
			sourceTree = "<group>";
		};
		0EB9DCE32C60194000516DC9 /* CurrentUserProfile */ = {
			isa = PBXGroup;
			children = (
				0EB9DCF22C6022BF00516DC9 /* ViewModel */,
				0EB9DCE42C60194B00516DC9 /* View */,
			);
			path = CurrentUserProfile;
			sourceTree = "<group>";
		};
		0EB9DCE42C60194B00516DC9 /* View */ = {
			isa = PBXGroup;
			children = (
				0EB9DCE52C60195C00516DC9 /* CurrentUserProfileView.swift */,
			);
			path = View;
			sourceTree = "<group>";
		};
		0EB9DCEA2C601E8900516DC9 /* Components */ = {
			isa = PBXGroup;
			children = (
				0EB9DCEC2C601F0E00516DC9 /* ProfileHeaderView.swift */,
				0EB9DCEE2C6020D500516DC9 /* UserContentListView.swift */,
			);
			path = Components;
			sourceTree = "<group>";
		};
		0EB9DCF22C6022BF00516DC9 /* ViewModel */ = {
			isa = PBXGroup;
			children = (
				0EB9DCF12C6022BF00516DC9 /* CurrentUserProfileViewModel.swift */,
			);
			path = ViewModel;
			sourceTree = "<group>";
		};
		0EE1E6D72C6086FA006E0D6A /* ViewModel */ = {
			isa = PBXGroup;
			children = (
				0EE1E6D82C608709006E0D6A /* EditProfileViewModel.swift */,
			);
			path = ViewModel;
			sourceTree = "<group>";
		};
		0EEC54172C61DE3F008CF9E8 /* ViewModel */ = {
			isa = PBXGroup;
			children = (
				0EEC54182C61DE50008CF9E8 /* UserCardViewModel.swift */,
			);
			path = ViewModel;
			sourceTree = "<group>";
		};
		0EEC541A2C61DE6F008CF9E8 /* Model */ = {
			isa = PBXGroup;
			children = (
				0EEC541B2C61DE79008CF9E8 /* UserCardModel.swift */,
			);
			path = Model;
			sourceTree = "<group>";
		};
/* End PBXGroup section */

/* Begin PBXNativeTarget section */
		0EA282BE2C5ECAE50074244C /* Echo */ = {
			isa = PBXNativeTarget;
			buildConfigurationList = 0EA282CD2C5ECAE60074244C /* Build configuration list for PBXNativeTarget "Echo" */;
			buildPhases = (
				0EA282BB2C5ECAE50074244C /* Sources */,
				0EA282BC2C5ECAE50074244C /* Frameworks */,
				0EA282BD2C5ECAE50074244C /* Resources */,
			);
			buildRules = (
			);
			dependencies = (
			);
			name = Echo;
			packageProductDependencies = (
				0E0922A32C5F56340057AFB6 /* FirebaseAuth */,
				0E0922A52C5F56340057AFB6 /* FirebaseFirestore */,
				0E0922A72C5F56340057AFB6 /* FirebaseStorage */,
				0EA30A142C62B08E0049AF5B /* Kingfisher */,
			);
			productName = Echo;
			productReference = 0EA282BF2C5ECAE50074244C /* Echo.app */;
			productType = "com.apple.product-type.application";
		};
/* End PBXNativeTarget section */

/* Begin PBXProject section */
		0EA282B72C5ECAE50074244C /* Project object */ = {
			isa = PBXProject;
			attributes = {
				BuildIndependentTargetsInParallel = 1;
				LastSwiftUpdateCheck = 1540;
				LastUpgradeCheck = 1540;
				TargetAttributes = {
					0EA282BE2C5ECAE50074244C = {
						CreatedOnToolsVersion = 15.4;
					};
				};
			};
			buildConfigurationList = 0EA282BA2C5ECAE50074244C /* Build configuration list for PBXProject "Echo" */;
			compatibilityVersion = "Xcode 14.0";
			developmentRegion = en;
			hasScannedForEncodings = 0;
			knownRegions = (
				en,
				Base,
			);
			mainGroup = 0EA282B62C5ECAE50074244C;
			packageReferences = (
				0E0922A22C5F56340057AFB6 /* XCRemoteSwiftPackageReference "firebase-ios-sdk" */,
				0EA30A132C62B08E0049AF5B /* XCRemoteSwiftPackageReference "Kingfisher" */,
			);
			productRefGroup = 0EA282C02C5ECAE50074244C /* Products */;
			projectDirPath = "";
			projectRoot = "";
			targets = (
				0EA282BE2C5ECAE50074244C /* Echo */,
			);
		};
/* End PBXProject section */

/* Begin PBXResourcesBuildPhase section */
		0EA282BD2C5ECAE50074244C /* Resources */ = {
			isa = PBXResourcesBuildPhase;
			buildActionMask = 2147483647;
			files = (
				0EA282CA2C5ECAE60074244C /* Preview Assets.xcassets in Resources */,
				0E0922A12C5F55310057AFB6 /* GoogleService-Info.plist in Resources */,
				0EA282C72C5ECAE60074244C /* Assets.xcassets in Resources */,
			);
			runOnlyForDeploymentPostprocessing = 0;
		};
/* End PBXResourcesBuildPhase section */

/* Begin PBXSourcesBuildPhase section */
		0EA282BB2C5ECAE50074244C /* Sources */ = {
			isa = PBXSourcesBuildPhase;
			buildActionMask = 2147483647;
			files = (
				0EE1E6D92C608709006E0D6A /* EditProfileViewModel.swift in Sources */,
				0E6EB5302C5F64B8002A7052 /* LoginViewModel.swift in Sources */,
				0EB9DCDA2C60037B00516DC9 /* UserService.swift in Sources */,
				0EA282F92C5EE3670074244C /* ActivityView.swift in Sources */,
				0EB9DCEF2C6020D500516DC9 /* UserContentListView.swift in Sources */,
				0E6F30BE2C5EFFFB00808579 /* EditProfileView.swift in Sources */,
				0E9FEEFD2C61811D0092C6F7 /* OnboardingViewModel.swift in Sources */,
				0EA282ED2C5EE2C70074244C /* HomeView.swift in Sources */,
				0EB9DCE22C6011E700516DC9 /* PreviewProvider.swift in Sources */,
				0EB9DCE02C60104500516DC9 /* ExploreViewModel.swift in Sources */,
				0EB9DCED2C601F0E00516DC9 /* ProfileHeaderView.swift in Sources */,
				0EA282F12C5EE3120074244C /* ExploreView.swift in Sources */,
				0E6F30BA2C5EF90500808579 /* ProfilePostsFilter.swift in Sources */,
				0E6EB5272C5F598A002A7052 /* RegistrationViewModel.swift in Sources */,
				0ED5D4BC2C60432200B44FA4 /* PendingView.swift in Sources */,
				0EB9DCE62C60195C00516DC9 /* CurrentUserProfileView.swift in Sources */,
				0EB9DCE92C601B8300516DC9 /* ProfileView.swift in Sources */,
				0E6EB5292C5F5ACC002A7052 /* AuthService.swift in Sources */,
				0EA282DC2C5ECB890074244C /* LoginView.swift in Sources */,
				0EA282C52C5ECAE50074244C /* ContentView.swift in Sources */,
				0EE1E6DB2C608CBE006E0D6A /* ImageUploader.swift in Sources */,
				0EA282F52C5EE3460074244C /* CreateView.swift in Sources */,
				0E9FEEFA2C616FDE0092C6F7 /* OnboardingView.swift in Sources */,
				0EA282E12C5ED6A40074244C /* EchoTextFieldModifier.swift in Sources */,
				0E6F30B72C5EF1B800808579 /* UserCell.swift in Sources */,
				0E02A03F2C5F1CB900255CA1 /* LaunchScreenView.swift in Sources */,
				0EEC54202C61E084008CF9E8 /* ColorPalleteView.swift in Sources */,
				0EEC541E2C61E023008CF9E8 /* UserCardRotationEffectModifier.swift in Sources */,
				0E9FEF002C61814F0092C6F7 /* OnboardingModel.swift in Sources */,
				0EA282FF2C5EE5050074244C /* PostCell.swift in Sources */,
				0E02A0412C5F1CE700255CA1 /* ContainerView.swift in Sources */,
				0E3EAAAE2C62F09700E4A7F2 /* CreateService.swift in Sources */,
				0E6F30B52C5EF13200808579 /* CircularProfileImageView.swift in Sources */,
				0EA282C32C5ECAE50074244C /* EchoApp.swift in Sources */,
				0EB9DCF32C6022BF00516DC9 /* CurrentUserProfileViewModel.swift in Sources */,
				0EEC541C2C61DE79008CF9E8 /* UserCardModel.swift in Sources */,
				0E6EB52E2C5F5FF4002A7052 /* ContentViewModel.swift in Sources */,
				0E3EAAAC2C62F06600E4A7F2 /* CreateViewModel.swift in Sources */,
				0E3EAAA92C62EF5F00E4A7F2 /* Post.swift in Sources */,
				0EEC54192C61DE50008CF9E8 /* UserCardViewModel.swift in Sources */,
				0EB9DCD82C5FFE3700516DC9 /* User.swift in Sources */,
				0EA282DE2C5ED4D40074244C /* RegistrationView.swift in Sources */,
				0EA282E92C5EDDF90074244C /* EchoTabView.swift in Sources */,
				0EA282E32C5ED7FF0074244C /* EchoButtonBlackModifier.swift in Sources */,
				0E456CFC2C60A274002C2B5B /* UserCardView.swift in Sources */,
			);
			runOnlyForDeploymentPostprocessing = 0;
		};
/* End PBXSourcesBuildPhase section */

/* Begin XCBuildConfiguration section */
		0EA282CB2C5ECAE60074244C /* Debug */ = {
			isa = XCBuildConfiguration;
			buildSettings = {
				ALWAYS_SEARCH_USER_PATHS = NO;
				ASSETCATALOG_COMPILER_GENERATE_SWIFT_ASSET_SYMBOL_EXTENSIONS = YES;
				CLANG_ANALYZER_NONNULL = YES;
				CLANG_ANALYZER_NUMBER_OBJECT_CONVERSION = YES_AGGRESSIVE;
				CLANG_CXX_LANGUAGE_STANDARD = "gnu++20";
				CLANG_ENABLE_MODULES = YES;
				CLANG_ENABLE_OBJC_ARC = YES;
				CLANG_ENABLE_OBJC_WEAK = YES;
				CLANG_WARN_BLOCK_CAPTURE_AUTORELEASING = YES;
				CLANG_WARN_BOOL_CONVERSION = YES;
				CLANG_WARN_COMMA = YES;
				CLANG_WARN_CONSTANT_CONVERSION = YES;
				CLANG_WARN_DEPRECATED_OBJC_IMPLEMENTATIONS = YES;
				CLANG_WARN_DIRECT_OBJC_ISA_USAGE = YES_ERROR;
				CLANG_WARN_DOCUMENTATION_COMMENTS = YES;
				CLANG_WARN_EMPTY_BODY = YES;
				CLANG_WARN_ENUM_CONVERSION = YES;
				CLANG_WARN_INFINITE_RECURSION = YES;
				CLANG_WARN_INT_CONVERSION = YES;
				CLANG_WARN_NON_LITERAL_NULL_CONVERSION = YES;
				CLANG_WARN_OBJC_IMPLICIT_RETAIN_SELF = YES;
				CLANG_WARN_OBJC_LITERAL_CONVERSION = YES;
				CLANG_WARN_OBJC_ROOT_CLASS = YES_ERROR;
				CLANG_WARN_QUOTED_INCLUDE_IN_FRAMEWORK_HEADER = YES;
				CLANG_WARN_RANGE_LOOP_ANALYSIS = YES;
				CLANG_WARN_STRICT_PROTOTYPES = YES;
				CLANG_WARN_SUSPICIOUS_MOVE = YES;
				CLANG_WARN_UNGUARDED_AVAILABILITY = YES_AGGRESSIVE;
				CLANG_WARN_UNREACHABLE_CODE = YES;
				CLANG_WARN__DUPLICATE_METHOD_MATCH = YES;
				COPY_PHASE_STRIP = NO;
				DEBUG_INFORMATION_FORMAT = dwarf;
				ENABLE_STRICT_OBJC_MSGSEND = YES;
				ENABLE_TESTABILITY = YES;
				ENABLE_USER_SCRIPT_SANDBOXING = YES;
				GCC_C_LANGUAGE_STANDARD = gnu17;
				GCC_DYNAMIC_NO_PIC = NO;
				GCC_NO_COMMON_BLOCKS = YES;
				GCC_OPTIMIZATION_LEVEL = 0;
				GCC_PREPROCESSOR_DEFINITIONS = (
					"DEBUG=1",
					"$(inherited)",
				);
				GCC_WARN_64_TO_32_BIT_CONVERSION = YES;
				GCC_WARN_ABOUT_RETURN_TYPE = YES_ERROR;
				GCC_WARN_UNDECLARED_SELECTOR = YES;
				GCC_WARN_UNINITIALIZED_AUTOS = YES_AGGRESSIVE;
				GCC_WARN_UNUSED_FUNCTION = YES;
				GCC_WARN_UNUSED_VARIABLE = YES;
				IPHONEOS_DEPLOYMENT_TARGET = 17.5;
				LOCALIZATION_PREFERS_STRING_CATALOGS = YES;
				MTL_ENABLE_DEBUG_INFO = INCLUDE_SOURCE;
				MTL_FAST_MATH = YES;
				ONLY_ACTIVE_ARCH = YES;
				SDKROOT = iphoneos;
				SWIFT_ACTIVE_COMPILATION_CONDITIONS = "DEBUG $(inherited)";
				SWIFT_OPTIMIZATION_LEVEL = "-Onone";
			};
			name = Debug;
		};
		0EA282CC2C5ECAE60074244C /* Release */ = {
			isa = XCBuildConfiguration;
			buildSettings = {
				ALWAYS_SEARCH_USER_PATHS = NO;
				ASSETCATALOG_COMPILER_GENERATE_SWIFT_ASSET_SYMBOL_EXTENSIONS = YES;
				CLANG_ANALYZER_NONNULL = YES;
				CLANG_ANALYZER_NUMBER_OBJECT_CONVERSION = YES_AGGRESSIVE;
				CLANG_CXX_LANGUAGE_STANDARD = "gnu++20";
				CLANG_ENABLE_MODULES = YES;
				CLANG_ENABLE_OBJC_ARC = YES;
				CLANG_ENABLE_OBJC_WEAK = YES;
				CLANG_WARN_BLOCK_CAPTURE_AUTORELEASING = YES;
				CLANG_WARN_BOOL_CONVERSION = YES;
				CLANG_WARN_COMMA = YES;
				CLANG_WARN_CONSTANT_CONVERSION = YES;
				CLANG_WARN_DEPRECATED_OBJC_IMPLEMENTATIONS = YES;
				CLANG_WARN_DIRECT_OBJC_ISA_USAGE = YES_ERROR;
				CLANG_WARN_DOCUMENTATION_COMMENTS = YES;
				CLANG_WARN_EMPTY_BODY = YES;
				CLANG_WARN_ENUM_CONVERSION = YES;
				CLANG_WARN_INFINITE_RECURSION = YES;
				CLANG_WARN_INT_CONVERSION = YES;
				CLANG_WARN_NON_LITERAL_NULL_CONVERSION = YES;
				CLANG_WARN_OBJC_IMPLICIT_RETAIN_SELF = YES;
				CLANG_WARN_OBJC_LITERAL_CONVERSION = YES;
				CLANG_WARN_OBJC_ROOT_CLASS = YES_ERROR;
				CLANG_WARN_QUOTED_INCLUDE_IN_FRAMEWORK_HEADER = YES;
				CLANG_WARN_RANGE_LOOP_ANALYSIS = YES;
				CLANG_WARN_STRICT_PROTOTYPES = YES;
				CLANG_WARN_SUSPICIOUS_MOVE = YES;
				CLANG_WARN_UNGUARDED_AVAILABILITY = YES_AGGRESSIVE;
				CLANG_WARN_UNREACHABLE_CODE = YES;
				CLANG_WARN__DUPLICATE_METHOD_MATCH = YES;
				COPY_PHASE_STRIP = NO;
				DEBUG_INFORMATION_FORMAT = "dwarf-with-dsym";
				ENABLE_NS_ASSERTIONS = NO;
				ENABLE_STRICT_OBJC_MSGSEND = YES;
				ENABLE_USER_SCRIPT_SANDBOXING = YES;
				GCC_C_LANGUAGE_STANDARD = gnu17;
				GCC_NO_COMMON_BLOCKS = YES;
				GCC_WARN_64_TO_32_BIT_CONVERSION = YES;
				GCC_WARN_ABOUT_RETURN_TYPE = YES_ERROR;
				GCC_WARN_UNDECLARED_SELECTOR = YES;
				GCC_WARN_UNINITIALIZED_AUTOS = YES_AGGRESSIVE;
				GCC_WARN_UNUSED_FUNCTION = YES;
				GCC_WARN_UNUSED_VARIABLE = YES;
				IPHONEOS_DEPLOYMENT_TARGET = 17.5;
				LOCALIZATION_PREFERS_STRING_CATALOGS = YES;
				MTL_ENABLE_DEBUG_INFO = NO;
				MTL_FAST_MATH = YES;
				SDKROOT = iphoneos;
				SWIFT_COMPILATION_MODE = wholemodule;
				VALIDATE_PRODUCT = YES;
			};
			name = Release;
		};
		0EA282CE2C5ECAE60074244C /* Debug */ = {
			isa = XCBuildConfiguration;
			buildSettings = {
				ASSETCATALOG_COMPILER_APPICON_NAME = AppIcon;
				ASSETCATALOG_COMPILER_GLOBAL_ACCENT_COLOR_NAME = AccentColor;
				CODE_SIGN_STYLE = Automatic;
				CURRENT_PROJECT_VERSION = 1;
				DEVELOPMENT_ASSET_PATHS = "\"Echo/Preview Content\"";
				DEVELOPMENT_TEAM = FJJB79XVG4;
				ENABLE_PREVIEWS = YES;
				GENERATE_INFOPLIST_FILE = YES;
				INFOPLIST_KEY_UIApplicationSceneManifest_Generation = YES;
				INFOPLIST_KEY_UIApplicationSupportsIndirectInputEvents = YES;
				INFOPLIST_KEY_UILaunchScreen_Generation = YES;
				INFOPLIST_KEY_UISupportedInterfaceOrientations_iPad = "UIInterfaceOrientationPortrait UIInterfaceOrientationPortraitUpsideDown UIInterfaceOrientationLandscapeLeft UIInterfaceOrientationLandscapeRight";
				INFOPLIST_KEY_UISupportedInterfaceOrientations_iPhone = "UIInterfaceOrientationPortrait UIInterfaceOrientationLandscapeLeft UIInterfaceOrientationLandscapeRight";
				LD_RUNPATH_SEARCH_PATHS = (
					"$(inherited)",
					"@executable_path/Frameworks",
				);
				MARKETING_VERSION = 1.0;
				PRODUCT_BUNDLE_IDENTIFIER = com.ompreetham.Echo;
				PRODUCT_NAME = "$(TARGET_NAME)";
				SWIFT_EMIT_LOC_STRINGS = YES;
				SWIFT_VERSION = 5.0;
				TARGETED_DEVICE_FAMILY = "1,2";
			};
			name = Debug;
		};
		0EA282CF2C5ECAE60074244C /* Release */ = {
			isa = XCBuildConfiguration;
			buildSettings = {
				ASSETCATALOG_COMPILER_APPICON_NAME = AppIcon;
				ASSETCATALOG_COMPILER_GLOBAL_ACCENT_COLOR_NAME = AccentColor;
				CODE_SIGN_STYLE = Automatic;
				CURRENT_PROJECT_VERSION = 1;
				DEVELOPMENT_ASSET_PATHS = "\"Echo/Preview Content\"";
				DEVELOPMENT_TEAM = FJJB79XVG4;
				ENABLE_PREVIEWS = YES;
				GENERATE_INFOPLIST_FILE = YES;
				INFOPLIST_KEY_UIApplicationSceneManifest_Generation = YES;
				INFOPLIST_KEY_UIApplicationSupportsIndirectInputEvents = YES;
				INFOPLIST_KEY_UILaunchScreen_Generation = YES;
				INFOPLIST_KEY_UISupportedInterfaceOrientations_iPad = "UIInterfaceOrientationPortrait UIInterfaceOrientationPortraitUpsideDown UIInterfaceOrientationLandscapeLeft UIInterfaceOrientationLandscapeRight";
				INFOPLIST_KEY_UISupportedInterfaceOrientations_iPhone = "UIInterfaceOrientationPortrait UIInterfaceOrientationLandscapeLeft UIInterfaceOrientationLandscapeRight";
				LD_RUNPATH_SEARCH_PATHS = (
					"$(inherited)",
					"@executable_path/Frameworks",
				);
				MARKETING_VERSION = 1.0;
				PRODUCT_BUNDLE_IDENTIFIER = com.ompreetham.Echo;
				PRODUCT_NAME = "$(TARGET_NAME)";
				SWIFT_EMIT_LOC_STRINGS = YES;
				SWIFT_VERSION = 5.0;
				TARGETED_DEVICE_FAMILY = "1,2";
			};
			name = Release;
		};
/* End XCBuildConfiguration section */

/* Begin XCConfigurationList section */
		0EA282BA2C5ECAE50074244C /* Build configuration list for PBXProject "Echo" */ = {
			isa = XCConfigurationList;
			buildConfigurations = (
				0EA282CB2C5ECAE60074244C /* Debug */,
				0EA282CC2C5ECAE60074244C /* Release */,
			);
			defaultConfigurationIsVisible = 0;
			defaultConfigurationName = Release;
		};
		0EA282CD2C5ECAE60074244C /* Build configuration list for PBXNativeTarget "Echo" */ = {
			isa = XCConfigurationList;
			buildConfigurations = (
				0EA282CE2C5ECAE60074244C /* Debug */,
				0EA282CF2C5ECAE60074244C /* Release */,
			);
			defaultConfigurationIsVisible = 0;
			defaultConfigurationName = Release;
		};
/* End XCConfigurationList section */

/* Begin XCRemoteSwiftPackageReference section */
		0E0922A22C5F56340057AFB6 /* XCRemoteSwiftPackageReference "firebase-ios-sdk" */ = {
			isa = XCRemoteSwiftPackageReference;
			repositoryURL = "https://github.com/firebase/firebase-ios-sdk";
			requirement = {
				kind = upToNextMajorVersion;
				minimumVersion = 11.0.0;
			};
		};
		0EA30A132C62B08E0049AF5B /* XCRemoteSwiftPackageReference "Kingfisher" */ = {
			isa = XCRemoteSwiftPackageReference;
			repositoryURL = "https://github.com/onevcat/Kingfisher";
			requirement = {
				kind = upToNextMajorVersion;
				minimumVersion = 7.12.0;
			};
		};
/* End XCRemoteSwiftPackageReference section */

/* Begin XCSwiftPackageProductDependency section */
		0E0922A32C5F56340057AFB6 /* FirebaseAuth */ = {
			isa = XCSwiftPackageProductDependency;
			package = 0E0922A22C5F56340057AFB6 /* XCRemoteSwiftPackageReference "firebase-ios-sdk" */;
			productName = FirebaseAuth;
		};
		0E0922A52C5F56340057AFB6 /* FirebaseFirestore */ = {
			isa = XCSwiftPackageProductDependency;
			package = 0E0922A22C5F56340057AFB6 /* XCRemoteSwiftPackageReference "firebase-ios-sdk" */;
			productName = FirebaseFirestore;
		};
		0E0922A72C5F56340057AFB6 /* FirebaseStorage */ = {
			isa = XCSwiftPackageProductDependency;
			package = 0E0922A22C5F56340057AFB6 /* XCRemoteSwiftPackageReference "firebase-ios-sdk" */;
			productName = FirebaseStorage;
		};
		0EA30A142C62B08E0049AF5B /* Kingfisher */ = {
			isa = XCSwiftPackageProductDependency;
			package = 0EA30A132C62B08E0049AF5B /* XCRemoteSwiftPackageReference "Kingfisher" */;
			productName = Kingfisher;
		};
/* End XCSwiftPackageProductDependency section */
	};
	rootObject = 0EA282B72C5ECAE50074244C /* Project object */;
}
