// !$*UTF8*$!
{
	archiveVersion = 1;
	classes = {
	};
	objectVersion = 56;
	objects = {

/* Begin PBXBuildFile section */
		0EA282C32C5ECAE50074244C /* EchoApp.swift in Sources */ = {isa = PBXBuildFile; fileRef = 0EA282C22C5ECAE50074244C /* EchoApp.swift */; };
		0EA282C52C5ECAE50074244C /* ContentView.swift in Sources */ = {isa = PBXBuildFile; fileRef = 0EA282C42C5ECAE50074244C /* ContentView.swift */; };
		0EA282C72C5ECAE60074244C /* Assets.xcassets in Resources */ = {isa = PBXBuildFile; fileRef = 0EA282C62C5ECAE60074244C /* Assets.xcassets */; };
		0EA282CA2C5ECAE60074244C /* Preview Assets.xcassets in Resources */ = {isa = PBXBuildFile; fileRef = 0EA282C92C5ECAE60074244C /* Preview Assets.xcassets */; };
		0EA282DC2C5ECB890074244C /* LoginView.swift in Sources */ = {isa = PBXBuildFile; fileRef = 0EA282DB2C5ECB890074244C /* LoginView.swift */; };
		0EA282DE2C5ED4D40074244C /* RegistrationView.swift in Sources */ = {isa = PBXBuildFile; fileRef = 0EA282DD2C5ED4D40074244C /* RegistrationView.swift */; };
		0EA282E12C5ED6A40074244C /* EchoTextFieldModifier.swift in Sources */ = {isa = PBXBuildFile; fileRef = 0EA282E02C5ED6A40074244C /* EchoTextFieldModifier.swift */; };
		0EA282E32C5ED7FF0074244C /* EchoButtonBlackModifier.swift in Sources */ = {isa = PBXBuildFile; fileRef = 0EA282E22C5ED7FF0074244C /* EchoButtonBlackModifier.swift */; };
/* End PBXBuildFile section */

/* Begin PBXFileReference section */
		0EA282BF2C5ECAE50074244C /* Echo.app */ = {isa = PBXFileReference; explicitFileType = wrapper.application; includeInIndex = 0; path = Echo.app; sourceTree = BUILT_PRODUCTS_DIR; };
		0EA282C22C5ECAE50074244C /* EchoApp.swift */ = {isa = PBXFileReference; lastKnownFileType = sourcecode.swift; path = EchoApp.swift; sourceTree = "<group>"; };
		0EA282C42C5ECAE50074244C /* ContentView.swift */ = {isa = PBXFileReference; lastKnownFileType = sourcecode.swift; path = ContentView.swift; sourceTree = "<group>"; };
		0EA282C62C5ECAE60074244C /* Assets.xcassets */ = {isa = PBXFileReference; lastKnownFileType = folder.assetcatalog; path = Assets.xcassets; sourceTree = "<group>"; };
		0EA282C92C5ECAE60074244C /* Preview Assets.xcassets */ = {isa = PBXFileReference; lastKnownFileType = folder.assetcatalog; path = "Preview Assets.xcassets"; sourceTree = "<group>"; };
		0EA282DB2C5ECB890074244C /* LoginView.swift */ = {isa = PBXFileReference; lastKnownFileType = sourcecode.swift; path = LoginView.swift; sourceTree = "<group>"; };
		0EA282DD2C5ED4D40074244C /* RegistrationView.swift */ = {isa = PBXFileReference; lastKnownFileType = sourcecode.swift; path = RegistrationView.swift; sourceTree = "<group>"; };
		0EA282E02C5ED6A40074244C /* EchoTextFieldModifier.swift */ = {isa = PBXFileReference; lastKnownFileType = sourcecode.swift; path = EchoTextFieldModifier.swift; sourceTree = "<group>"; };
		0EA282E22C5ED7FF0074244C /* EchoButtonBlackModifier.swift */ = {isa = PBXFileReference; lastKnownFileType = sourcecode.swift; path = EchoButtonBlackModifier.swift; sourceTree = "<group>"; };
/* End PBXFileReference section */

/* Begin PBXFrameworksBuildPhase section */
		0EA282BC2C5ECAE50074244C /* Frameworks */ = {
			isa = PBXFrameworksBuildPhase;
			buildActionMask = 2147483647;
			files = (
			);
			runOnlyForDeploymentPostprocessing = 0;
		};
/* End PBXFrameworksBuildPhase section */

/* Begin PBXGroup section */
		0EA282B62C5ECAE50074244C = {
			isa = PBXGroup;
			children = (
				0EA282C12C5ECAE50074244C /* Echo */,
				0EA282C02C5ECAE50074244C /* Products */,
			);
			sourceTree = "<group>";
		};
		0EA282C02C5ECAE50074244C /* Products */ = {
			isa = PBXGroup;
			children = (
				0EA282BF2C5ECAE50074244C /* Echo.app */,
			);
			name = Products;
			sourceTree = "<group>";
		};
		0EA282C12C5ECAE50074244C /* Echo */ = {
			isa = PBXGroup;
			children = (
				0EA282D02C5ECB020074244C /* App */,
				0EA282D72C5ECB1A0074244C /* Core */,
				0EA282D62C5ECB0F0074244C /* Extensions */,
				0EA282D52C5ECB0E0074244C /* Model */,
				0EA282D42C5ECB0D0074244C /* Services */,
				0EA282D32C5ECB0B0074244C /* Utils */,
				0EA282C62C5ECAE60074244C /* Assets.xcassets */,
				0EA282C82C5ECAE60074244C /* Preview Content */,
			);
			path = Echo;
			sourceTree = "<group>";
		};
		0EA282C82C5ECAE60074244C /* Preview Content */ = {
			isa = PBXGroup;
			children = (
				0EA282C92C5ECAE60074244C /* Preview Assets.xcassets */,
			);
			path = "Preview Content";
			sourceTree = "<group>";
		};
		0EA282D02C5ECB020074244C /* App */ = {
			isa = PBXGroup;
			children = (
				0EA282C22C5ECAE50074244C /* EchoApp.swift */,
			);
			path = App;
			sourceTree = "<group>";
		};
		0EA282D32C5ECB0B0074244C /* Utils */ = {
			isa = PBXGroup;
			children = (
				0EA282DF2C5ED6880074244C /* ViewModifiers */,
			);
			path = Utils;
			sourceTree = "<group>";
		};
		0EA282D42C5ECB0D0074244C /* Services */ = {
			isa = PBXGroup;
			children = (
			);
			path = Services;
			sourceTree = "<group>";
		};
		0EA282D52C5ECB0E0074244C /* Model */ = {
			isa = PBXGroup;
			children = (
			);
			path = Model;
			sourceTree = "<group>";
		};
		0EA282D62C5ECB0F0074244C /* Extensions */ = {
			isa = PBXGroup;
			children = (
			);
			path = Extensions;
			sourceTree = "<group>";
		};
		0EA282D72C5ECB1A0074244C /* Core */ = {
			isa = PBXGroup;
			children = (
				0EA282D82C5ECB570074244C /* Authentication */,
				0EA282D92C5ECB5E0074244C /* Root */,
			);
			path = Core;
			sourceTree = "<group>";
		};
		0EA282D82C5ECB570074244C /* Authentication */ = {
			isa = PBXGroup;
			children = (
				0EA282DA2C5ECB800074244C /* Views */,
			);
			path = Authentication;
			sourceTree = "<group>";
		};
		0EA282D92C5ECB5E0074244C /* Root */ = {
			isa = PBXGroup;
			children = (
				0EA282C42C5ECAE50074244C /* ContentView.swift */,
			);
			path = Root;
			sourceTree = "<group>";
		};
		0EA282DA2C5ECB800074244C /* Views */ = {
			isa = PBXGroup;
			children = (
				0EA282DB2C5ECB890074244C /* LoginView.swift */,
				0EA282DD2C5ED4D40074244C /* RegistrationView.swift */,
			);
			path = Views;
			sourceTree = "<group>";
		};
		0EA282DF2C5ED6880074244C /* ViewModifiers */ = {
			isa = PBXGroup;
			children = (
				0EA282E02C5ED6A40074244C /* EchoTextFieldModifier.swift */,
				0EA282E22C5ED7FF0074244C /* EchoButtonBlackModifier.swift */,
			);
			path = ViewModifiers;
			sourceTree = "<group>";
		};
/* End PBXGroup section */

/* Begin PBXNativeTarget section */
		0EA282BE2C5ECAE50074244C /* Echo */ = {
			isa = PBXNativeTarget;
			buildConfigurationList = 0EA282CD2C5ECAE60074244C /* Build configuration list for PBXNativeTarget "Echo" */;
			buildPhases = (
				0EA282BB2C5ECAE50074244C /* Sources */,
				0EA282BC2C5ECAE50074244C /* Frameworks */,
				0EA282BD2C5ECAE50074244C /* Resources */,
			);
			buildRules = (
			);
			dependencies = (
			);
			name = Echo;
			productName = Echo;
			productReference = 0EA282BF2C5ECAE50074244C /* Echo.app */;
			productType = "com.apple.product-type.application";
		};
/* End PBXNativeTarget section */

/* Begin PBXProject section */
		0EA282B72C5ECAE50074244C /* Project object */ = {
			isa = PBXProject;
			attributes = {
				BuildIndependentTargetsInParallel = 1;
				LastSwiftUpdateCheck = 1540;
				LastUpgradeCheck = 1540;
				TargetAttributes = {
					0EA282BE2C5ECAE50074244C = {
						CreatedOnToolsVersion = 15.4;
					};
				};
			};
			buildConfigurationList = 0EA282BA2C5ECAE50074244C /* Build configuration list for PBXProject "Echo" */;
			compatibilityVersion = "Xcode 14.0";
			developmentRegion = en;
			hasScannedForEncodings = 0;
			knownRegions = (
				en,
				Base,
			);
			mainGroup = 0EA282B62C5ECAE50074244C;
			productRefGroup = 0EA282C02C5ECAE50074244C /* Products */;
			projectDirPath = "";
			projectRoot = "";
			targets = (
				0EA282BE2C5ECAE50074244C /* Echo */,
			);
		};
/* End PBXProject section */

/* Begin PBXResourcesBuildPhase section */
		0EA282BD2C5ECAE50074244C /* Resources */ = {
			isa = PBXResourcesBuildPhase;
			buildActionMask = 2147483647;
			files = (
				0EA282CA2C5ECAE60074244C /* Preview Assets.xcassets in Resources */,
				0EA282C72C5ECAE60074244C /* Assets.xcassets in Resources */,
			);
			runOnlyForDeploymentPostprocessing = 0;
		};
/* End PBXResourcesBuildPhase section */

/* Begin PBXSourcesBuildPhase section */
		0EA282BB2C5ECAE50074244C /* Sources */ = {
			isa = PBXSourcesBuildPhase;
			buildActionMask = 2147483647;
			files = (
				0EA282DC2C5ECB890074244C /* LoginView.swift in Sources */,
				0EA282C52C5ECAE50074244C /* ContentView.swift in Sources */,
				0EA282E12C5ED6A40074244C /* EchoTextFieldModifier.swift in Sources */,
				0EA282C32C5ECAE50074244C /* EchoApp.swift in Sources */,
				0EA282DE2C5ED4D40074244C /* RegistrationView.swift in Sources */,
				0EA282E32C5ED7FF0074244C /* EchoButtonBlackModifier.swift in Sources */,
			);
			runOnlyForDeploymentPostprocessing = 0;
		};
/* End PBXSourcesBuildPhase section */

/* Begin XCBuildConfiguration section */
		0EA282CB2C5ECAE60074244C /* Debug */ = {
			isa = XCBuildConfiguration;
			buildSettings = {
				ALWAYS_SEARCH_USER_PATHS = NO;
				ASSETCATALOG_COMPILER_GENERATE_SWIFT_ASSET_SYMBOL_EXTENSIONS = YES;
				CLANG_ANALYZER_NONNULL = YES;
				CLANG_ANALYZER_NUMBER_OBJECT_CONVERSION = YES_AGGRESSIVE;
				CLANG_CXX_LANGUAGE_STANDARD = "gnu++20";
				CLANG_ENABLE_MODULES = YES;
				CLANG_ENABLE_OBJC_ARC = YES;
				CLANG_ENABLE_OBJC_WEAK = YES;
				CLANG_WARN_BLOCK_CAPTURE_AUTORELEASING = YES;
				CLANG_WARN_BOOL_CONVERSION = YES;
				CLANG_WARN_COMMA = YES;
				CLANG_WARN_CONSTANT_CONVERSION = YES;
				CLANG_WARN_DEPRECATED_OBJC_IMPLEMENTATIONS = YES;
				CLANG_WARN_DIRECT_OBJC_ISA_USAGE = YES_ERROR;
				CLANG_WARN_DOCUMENTATION_COMMENTS = YES;
				CLANG_WARN_EMPTY_BODY = YES;
				CLANG_WARN_ENUM_CONVERSION = YES;
				CLANG_WARN_INFINITE_RECURSION = YES;
				CLANG_WARN_INT_CONVERSION = YES;
				CLANG_WARN_NON_LITERAL_NULL_CONVERSION = YES;
				CLANG_WARN_OBJC_IMPLICIT_RETAIN_SELF = YES;
				CLANG_WARN_OBJC_LITERAL_CONVERSION = YES;
				CLANG_WARN_OBJC_ROOT_CLASS = YES_ERROR;
				CLANG_WARN_QUOTED_INCLUDE_IN_FRAMEWORK_HEADER = YES;
				CLANG_WARN_RANGE_LOOP_ANALYSIS = YES;
				CLANG_WARN_STRICT_PROTOTYPES = YES;
				CLANG_WARN_SUSPICIOUS_MOVE = YES;
				CLANG_WARN_UNGUARDED_AVAILABILITY = YES_AGGRESSIVE;
				CLANG_WARN_UNREACHABLE_CODE = YES;
				CLANG_WARN__DUPLICATE_METHOD_MATCH = YES;
				COPY_PHASE_STRIP = NO;
				DEBUG_INFORMATION_FORMAT = dwarf;
				ENABLE_STRICT_OBJC_MSGSEND = YES;
				ENABLE_TESTABILITY = YES;
				ENABLE_USER_SCRIPT_SANDBOXING = YES;
				GCC_C_LANGUAGE_STANDARD = gnu17;
				GCC_DYNAMIC_NO_PIC = NO;
				GCC_NO_COMMON_BLOCKS = YES;
				GCC_OPTIMIZATION_LEVEL = 0;
				GCC_PREPROCESSOR_DEFINITIONS = (
					"DEBUG=1",
					"$(inherited)",
				);
				GCC_WARN_64_TO_32_BIT_CONVERSION = YES;
				GCC_WARN_ABOUT_RETURN_TYPE = YES_ERROR;
				GCC_WARN_UNDECLARED_SELECTOR = YES;
				GCC_WARN_UNINITIALIZED_AUTOS = YES_AGGRESSIVE;
				GCC_WARN_UNUSED_FUNCTION = YES;
				GCC_WARN_UNUSED_VARIABLE = YES;
				IPHONEOS_DEPLOYMENT_TARGET = 17.5;
				LOCALIZATION_PREFERS_STRING_CATALOGS = YES;
				MTL_ENABLE_DEBUG_INFO = INCLUDE_SOURCE;
				MTL_FAST_MATH = YES;
				ONLY_ACTIVE_ARCH = YES;
				SDKROOT = iphoneos;
				SWIFT_ACTIVE_COMPILATION_CONDITIONS = "DEBUG $(inherited)";
				SWIFT_OPTIMIZATION_LEVEL = "-Onone";
			};
			name = Debug;
		};
		0EA282CC2C5ECAE60074244C /* Release */ = {
			isa = XCBuildConfiguration;
			buildSettings = {
				ALWAYS_SEARCH_USER_PATHS = NO;
				ASSETCATALOG_COMPILER_GENERATE_SWIFT_ASSET_SYMBOL_EXTENSIONS = YES;
				CLANG_ANALYZER_NONNULL = YES;
				CLANG_ANALYZER_NUMBER_OBJECT_CONVERSION = YES_AGGRESSIVE;
				CLANG_CXX_LANGUAGE_STANDARD = "gnu++20";
				CLANG_ENABLE_MODULES = YES;
				CLANG_ENABLE_OBJC_ARC = YES;
				CLANG_ENABLE_OBJC_WEAK = YES;
				CLANG_WARN_BLOCK_CAPTURE_AUTORELEASING = YES;
				CLANG_WARN_BOOL_CONVERSION = YES;
				CLANG_WARN_COMMA = YES;
				CLANG_WARN_CONSTANT_CONVERSION = YES;
				CLANG_WARN_DEPRECATED_OBJC_IMPLEMENTATIONS = YES;
				CLANG_WARN_DIRECT_OBJC_ISA_USAGE = YES_ERROR;
				CLANG_WARN_DOCUMENTATION_COMMENTS = YES;
				CLANG_WARN_EMPTY_BODY = YES;
				CLANG_WARN_ENUM_CONVERSION = YES;
				CLANG_WARN_INFINITE_RECURSION = YES;
				CLANG_WARN_INT_CONVERSION = YES;
				CLANG_WARN_NON_LITERAL_NULL_CONVERSION = YES;
				CLANG_WARN_OBJC_IMPLICIT_RETAIN_SELF = YES;
				CLANG_WARN_OBJC_LITERAL_CONVERSION = YES;
				CLANG_WARN_OBJC_ROOT_CLASS = YES_ERROR;
				CLANG_WARN_QUOTED_INCLUDE_IN_FRAMEWORK_HEADER = YES;
				CLANG_WARN_RANGE_LOOP_ANALYSIS = YES;
				CLANG_WARN_STRICT_PROTOTYPES = YES;
				CLANG_WARN_SUSPICIOUS_MOVE = YES;
				CLANG_WARN_UNGUARDED_AVAILABILITY = YES_AGGRESSIVE;
				CLANG_WARN_UNREACHABLE_CODE = YES;
				CLANG_WARN__DUPLICATE_METHOD_MATCH = YES;
				COPY_PHASE_STRIP = NO;
				DEBUG_INFORMATION_FORMAT = "dwarf-with-dsym";
				ENABLE_NS_ASSERTIONS = NO;
				ENABLE_STRICT_OBJC_MSGSEND = YES;
				ENABLE_USER_SCRIPT_SANDBOXING = YES;
				GCC_C_LANGUAGE_STANDARD = gnu17;
				GCC_NO_COMMON_BLOCKS = YES;
				GCC_WARN_64_TO_32_BIT_CONVERSION = YES;
				GCC_WARN_ABOUT_RETURN_TYPE = YES_ERROR;
				GCC_WARN_UNDECLARED_SELECTOR = YES;
				GCC_WARN_UNINITIALIZED_AUTOS = YES_AGGRESSIVE;
				GCC_WARN_UNUSED_FUNCTION = YES;
				GCC_WARN_UNUSED_VARIABLE = YES;
				IPHONEOS_DEPLOYMENT_TARGET = 17.5;
				LOCALIZATION_PREFERS_STRING_CATALOGS = YES;
				MTL_ENABLE_DEBUG_INFO = NO;
				MTL_FAST_MATH = YES;
				SDKROOT = iphoneos;
				SWIFT_COMPILATION_MODE = wholemodule;
				VALIDATE_PRODUCT = YES;
			};
			name = Release;
		};
		0EA282CE2C5ECAE60074244C /* Debug */ = {
			isa = XCBuildConfiguration;
			buildSettings = {
				ASSETCATALOG_COMPILER_APPICON_NAME = AppIcon;
				ASSETCATALOG_COMPILER_GLOBAL_ACCENT_COLOR_NAME = AccentColor;
				CODE_SIGN_STYLE = Automatic;
				CURRENT_PROJECT_VERSION = 1;
				DEVELOPMENT_ASSET_PATHS = "\"Echo/Preview Content\"";
				DEVELOPMENT_TEAM = FJJB79XVG4;
				ENABLE_PREVIEWS = YES;
				GENERATE_INFOPLIST_FILE = YES;
				INFOPLIST_KEY_UIApplicationSceneManifest_Generation = YES;
				INFOPLIST_KEY_UIApplicationSupportsIndirectInputEvents = YES;
				INFOPLIST_KEY_UILaunchScreen_Generation = YES;
				INFOPLIST_KEY_UISupportedInterfaceOrientations_iPad = "UIInterfaceOrientationPortrait UIInterfaceOrientationPortraitUpsideDown UIInterfaceOrientationLandscapeLeft UIInterfaceOrientationLandscapeRight";
				INFOPLIST_KEY_UISupportedInterfaceOrientations_iPhone = "UIInterfaceOrientationPortrait UIInterfaceOrientationLandscapeLeft UIInterfaceOrientationLandscapeRight";
				LD_RUNPATH_SEARCH_PATHS = (
					"$(inherited)",
					"@executable_path/Frameworks",
				);
				MARKETING_VERSION = 1.0;
				PRODUCT_BUNDLE_IDENTIFIER = com.ompreetham.Echo;
				PRODUCT_NAME = "$(TARGET_NAME)";
				SWIFT_EMIT_LOC_STRINGS = YES;
				SWIFT_VERSION = 5.0;
				TARGETED_DEVICE_FAMILY = "1,2";
			};
			name = Debug;
		};
		0EA282CF2C5ECAE60074244C /* Release */ = {
			isa = XCBuildConfiguration;
			buildSettings = {
				ASSETCATALOG_COMPILER_APPICON_NAME = AppIcon;
				ASSETCATALOG_COMPILER_GLOBAL_ACCENT_COLOR_NAME = AccentColor;
				CODE_SIGN_STYLE = Automatic;
				CURRENT_PROJECT_VERSION = 1;
				DEVELOPMENT_ASSET_PATHS = "\"Echo/Preview Content\"";
				DEVELOPMENT_TEAM = FJJB79XVG4;
				ENABLE_PREVIEWS = YES;
				GENERATE_INFOPLIST_FILE = YES;
				INFOPLIST_KEY_UIApplicationSceneManifest_Generation = YES;
				INFOPLIST_KEY_UIApplicationSupportsIndirectInputEvents = YES;
				INFOPLIST_KEY_UILaunchScreen_Generation = YES;
				INFOPLIST_KEY_UISupportedInterfaceOrientations_iPad = "UIInterfaceOrientationPortrait UIInterfaceOrientationPortraitUpsideDown UIInterfaceOrientationLandscapeLeft UIInterfaceOrientationLandscapeRight";
				INFOPLIST_KEY_UISupportedInterfaceOrientations_iPhone = "UIInterfaceOrientationPortrait UIInterfaceOrientationLandscapeLeft UIInterfaceOrientationLandscapeRight";
				LD_RUNPATH_SEARCH_PATHS = (
					"$(inherited)",
					"@executable_path/Frameworks",
				);
				MARKETING_VERSION = 1.0;
				PRODUCT_BUNDLE_IDENTIFIER = com.ompreetham.Echo;
				PRODUCT_NAME = "$(TARGET_NAME)";
				SWIFT_EMIT_LOC_STRINGS = YES;
				SWIFT_VERSION = 5.0;
				TARGETED_DEVICE_FAMILY = "1,2";
			};
			name = Release;
		};
/* End XCBuildConfiguration section */

/* Begin XCConfigurationList section */
		0EA282BA2C5ECAE50074244C /* Build configuration list for PBXProject "Echo" */ = {
			isa = XCConfigurationList;
			buildConfigurations = (
				0EA282CB2C5ECAE60074244C /* Debug */,
				0EA282CC2C5ECAE60074244C /* Release */,
			);
			defaultConfigurationIsVisible = 0;
			defaultConfigurationName = Release;
		};
		0EA282CD2C5ECAE60074244C /* Build configuration list for PBXNativeTarget "Echo" */ = {
			isa = XCConfigurationList;
			buildConfigurations = (
				0EA282CE2C5ECAE60074244C /* Debug */,
				0EA282CF2C5ECAE60074244C /* Release */,
			);
			defaultConfigurationIsVisible = 0;
			defaultConfigurationName = Release;
		};
/* End XCConfigurationList section */
	};
	rootObject = 0EA282B72C5ECAE50074244C /* Project object */;
}
